{
  "pins" : [
    {
      "identity" : "coredatastored",
      "kind" : "remoteSourceControl",
      "location" : "https://github.com/anconaesselmann/CoreDataStored",
      "state" : {
        "revision" : "ae2388400ceabaf4a3418e9a5cc40a0c60065ced",
        "version" : "0.0.7"
      }
    }
  ],
  "version" : 2
}
