// !$*UTF8*$!
{
	archiveVersion = 1;
	classes = {
	};
	objectVersion = 56;
	objects = {

/* Begin PBXBuildFile section */
		97108BD92B60F37700A4A021 /* NestedTableApp.swift in Sources */ = {isa = PBXBuildFile; fileRef = 97108BD82B60F37700A4A021 /* NestedTableApp.swift */; };
		97108BDD2B60F37800A4A021 /* Assets.xcassets in Resources */ = {isa = PBXBuildFile; fileRef = 97108BDC2B60F37800A4A021 /* Assets.xcassets */; };
		97108BE12B60F37800A4A021 /* Preview Assets.xcassets in Resources */ = {isa = PBXBuildFile; fileRef = 97108BE02B60F37800A4A021 /* Preview Assets.xcassets */; };
		97108BEB2B60F37900A4A021 /* NestedTableTests.swift in Sources */ = {isa = PBXBuildFile; fileRef = 97108BEA2B60F37900A4A021 /* NestedTableTests.swift */; };
		97108BF52B60F37900A4A021 /* NestedTableUITests.swift in Sources */ = {isa = PBXBuildFile; fileRef = 97108BF42B60F37900A4A021 /* NestedTableUITests.swift */; };
		97108BF72B60F37900A4A021 /* NestedTableUITestsLaunchTests.swift in Sources */ = {isa = PBXBuildFile; fileRef = 97108BF62B60F37900A4A021 /* NestedTableUITestsLaunchTests.swift */; };
		97108C0D2B60F3E000A4A021 /* ContentView.swift in Sources */ = {isa = PBXBuildFile; fileRef = 97108C032B60F3E000A4A021 /* ContentView.swift */; };
		97108C0E2B60F3E000A4A021 /* Item.swift in Sources */ = {isa = PBXBuildFile; fileRef = 97108C052B60F3E000A4A021 /* Item.swift */; };
		97108C0F2B60F3E000A4A021 /* TableRowItem.swift in Sources */ = {isa = PBXBuildFile; fileRef = 97108C062B60F3E000A4A021 /* TableRowItem.swift */; };
		97108C102B60F3E000A4A021 /* BaseRow.swift in Sources */ = {isa = PBXBuildFile; fileRef = 97108C072B60F3E000A4A021 /* BaseRow.swift */; };
		97108C112B60F3E000A4A021 /* Group.swift in Sources */ = {isa = PBXBuildFile; fileRef = 97108C082B60F3E000A4A021 /* Group.swift */; };
		97108C122B60F3E000A4A021 /* DataManager.swift in Sources */ = {isa = PBXBuildFile; fileRef = 97108C092B60F3E000A4A021 /* DataManager.swift */; };
		97108C142B60F3E000A4A021 /* NestedTableViewModel.swift in Sources */ = {isa = PBXBuildFile; fileRef = 97108C0C2B60F3E000A4A021 /* NestedTableViewModel.swift */; };
		97108C172B61838C00A4A021 /* UUID+Transferable.swift in Sources */ = {isa = PBXBuildFile; fileRef = 97108C162B61838C00A4A021 /* UUID+Transferable.swift */; };
		97108C192B6183B400A4A021 /* BaseRow+Transferable.swift in Sources */ = {isa = PBXBuildFile; fileRef = 97108C182B6183B400A4A021 /* BaseRow+Transferable.swift */; };
		97108C1C2B61896200A4A021 /* View+Extensions.swift in Sources */ = {isa = PBXBuildFile; fileRef = 97108C1B2B61896200A4A021 /* View+Extensions.swift */; };
		97108C1E2B61937D00A4A021 /* NestedTableDataManager.swift in Sources */ = {isa = PBXBuildFile; fileRef = 97108C1D2B61937D00A4A021 /* NestedTableDataManager.swift */; };
		97108C202B61950100A4A021 /* MockNestedTableManager.swift in Sources */ = {isa = PBXBuildFile; fileRef = 97108C1F2B61950100A4A021 /* MockNestedTableManager.swift */; };
		97108C232B61B7C500A4A021 /* ItemContextMenu.swift in Sources */ = {isa = PBXBuildFile; fileRef = 97108C222B61B7C500A4A021 /* ItemContextMenu.swift */; };
		97108C282B61C56900A4A021 /* ContextMenuManager.swift in Sources */ = {isa = PBXBuildFile; fileRef = 97108C272B61C56900A4A021 /* ContextMenuManager.swift */; };
		97108C2A2B61C58500A4A021 /* DefaultContextMenuManager.swift in Sources */ = {isa = PBXBuildFile; fileRef = 97108C292B61C58500A4A021 /* DefaultContextMenuManager.swift */; };
		97108C2C2B61C5E000A4A021 /* ContextMenuItems.swift in Sources */ = {isa = PBXBuildFile; fileRef = 97108C2B2B61C5E000A4A021 /* ContextMenuItems.swift */; };
		97108C2E2B61C5EF00A4A021 /* DefaultContextMenuItems.swift in Sources */ = {isa = PBXBuildFile; fileRef = 97108C2D2B61C5EF00A4A021 /* DefaultContextMenuItems.swift */; };
		97108C342B6221FB00A4A021 /* TextField+Extensions.swift in Sources */ = {isa = PBXBuildFile; fileRef = 97108C332B6221FB00A4A021 /* TextField+Extensions.swift */; };
		97108C362B62E1BA00A4A021 /* TableRow+Extensions.swift in Sources */ = {isa = PBXBuildFile; fileRef = 97108C352B62E1BA00A4A021 /* TableRow+Extensions.swift */; };
		97108C382B62E27200A4A021 /* NameColumn.swift in Sources */ = {isa = PBXBuildFile; fileRef = 97108C372B62E27200A4A021 /* NameColumn.swift */; };
		97108C3B2B62F21600A4A021 /* PaddedTapGestureModifier.swift in Sources */ = {isa = PBXBuildFile; fileRef = 97108C3A2B62F21600A4A021 /* PaddedTapGestureModifier.swift */; };
		97108C3E2B6314E700A4A021 /* Comparator.swift in Sources */ = {isa = PBXBuildFile; fileRef = 97108C3D2B6314E700A4A021 /* Comparator.swift */; };
		97108C402B63747E00A4A021 /* Table+NestedTableView.swift in Sources */ = {isa = PBXBuildFile; fileRef = 97108C3F2B63747E00A4A021 /* Table+NestedTableView.swift */; };
		97108C422B63850100A4A021 /* NestedTableRowContent.swift in Sources */ = {isa = PBXBuildFile; fileRef = 97108C412B63850100A4A021 /* NestedTableRowContent.swift */; };
		97108C442B63867C00A4A021 /* Comparators.swift in Sources */ = {isa = PBXBuildFile; fileRef = 97108C432B63867C00A4A021 /* Comparators.swift */; };
/* End PBXBuildFile section */

/* Begin PBXContainerItemProxy section */
		97108BE72B60F37900A4A021 /* PBXContainerItemProxy */ = {
			isa = PBXContainerItemProxy;
			containerPortal = 97108BCD2B60F37700A4A021 /* Project object */;
			proxyType = 1;
			remoteGlobalIDString = 97108BD42B60F37700A4A021;
			remoteInfo = NestedTable;
		};
		97108BF12B60F37900A4A021 /* PBXContainerItemProxy */ = {
			isa = PBXContainerItemProxy;
			containerPortal = 97108BCD2B60F37700A4A021 /* Project object */;
			proxyType = 1;
			remoteGlobalIDString = 97108BD42B60F37700A4A021;
			remoteInfo = NestedTable;
		};
/* End PBXContainerItemProxy section */

/* Begin PBXFileReference section */
		97108BD52B60F37700A4A021 /* NestedTable.app */ = {isa = PBXFileReference; explicitFileType = wrapper.application; includeInIndex = 0; path = NestedTable.app; sourceTree = BUILT_PRODUCTS_DIR; };
		97108BD82B60F37700A4A021 /* NestedTableApp.swift */ = {isa = PBXFileReference; lastKnownFileType = sourcecode.swift; path = NestedTableApp.swift; sourceTree = "<group>"; };
		97108BDC2B60F37800A4A021 /* Assets.xcassets */ = {isa = PBXFileReference; lastKnownFileType = folder.assetcatalog; path = Assets.xcassets; sourceTree = "<group>"; };
		97108BDE2B60F37800A4A021 /* NestedTable.entitlements */ = {isa = PBXFileReference; lastKnownFileType = text.plist.entitlements; path = NestedTable.entitlements; sourceTree = "<group>"; };
		97108BE02B60F37800A4A021 /* Preview Assets.xcassets */ = {isa = PBXFileReference; lastKnownFileType = folder.assetcatalog; path = "Preview Assets.xcassets"; sourceTree = "<group>"; };
		97108BE62B60F37900A4A021 /* NestedTableTests.xctest */ = {isa = PBXFileReference; explicitFileType = wrapper.cfbundle; includeInIndex = 0; path = NestedTableTests.xctest; sourceTree = BUILT_PRODUCTS_DIR; };
		97108BEA2B60F37900A4A021 /* NestedTableTests.swift */ = {isa = PBXFileReference; lastKnownFileType = sourcecode.swift; path = NestedTableTests.swift; sourceTree = "<group>"; };
		97108BF02B60F37900A4A021 /* NestedTableUITests.xctest */ = {isa = PBXFileReference; explicitFileType = wrapper.cfbundle; includeInIndex = 0; path = NestedTableUITests.xctest; sourceTree = BUILT_PRODUCTS_DIR; };
		97108BF42B60F37900A4A021 /* NestedTableUITests.swift */ = {isa = PBXFileReference; lastKnownFileType = sourcecode.swift; path = NestedTableUITests.swift; sourceTree = "<group>"; };
		97108BF62B60F37900A4A021 /* NestedTableUITestsLaunchTests.swift */ = {isa = PBXFileReference; lastKnownFileType = sourcecode.swift; path = NestedTableUITestsLaunchTests.swift; sourceTree = "<group>"; };
		97108C032B60F3E000A4A021 /* ContentView.swift */ = {isa = PBXFileReference; fileEncoding = 4; lastKnownFileType = sourcecode.swift; path = ContentView.swift; sourceTree = "<group>"; };
		97108C052B60F3E000A4A021 /* Item.swift */ = {isa = PBXFileReference; fileEncoding = 4; lastKnownFileType = sourcecode.swift; path = Item.swift; sourceTree = "<group>"; };
		97108C062B60F3E000A4A021 /* TableRowItem.swift */ = {isa = PBXFileReference; fileEncoding = 4; lastKnownFileType = sourcecode.swift; path = TableRowItem.swift; sourceTree = "<group>"; };
		97108C072B60F3E000A4A021 /* BaseRow.swift */ = {isa = PBXFileReference; fileEncoding = 4; lastKnownFileType = sourcecode.swift; path = BaseRow.swift; sourceTree = "<group>"; };
		97108C082B60F3E000A4A021 /* Group.swift */ = {isa = PBXFileReference; fileEncoding = 4; lastKnownFileType = sourcecode.swift; path = Group.swift; sourceTree = "<group>"; };
		97108C092B60F3E000A4A021 /* DataManager.swift */ = {isa = PBXFileReference; fileEncoding = 4; lastKnownFileType = sourcecode.swift; path = DataManager.swift; sourceTree = "<group>"; };
		97108C0C2B60F3E000A4A021 /* NestedTableViewModel.swift */ = {isa = PBXFileReference; fileEncoding = 4; lastKnownFileType = sourcecode.swift; path = NestedTableViewModel.swift; sourceTree = "<group>"; };
		97108C162B61838C00A4A021 /* UUID+Transferable.swift */ = {isa = PBXFileReference; lastKnownFileType = sourcecode.swift; path = "UUID+Transferable.swift"; sourceTree = "<group>"; };
		97108C182B6183B400A4A021 /* BaseRow+Transferable.swift */ = {isa = PBXFileReference; lastKnownFileType = sourcecode.swift; path = "BaseRow+Transferable.swift"; sourceTree = "<group>"; };
		97108C1B2B61896200A4A021 /* View+Extensions.swift */ = {isa = PBXFileReference; lastKnownFileType = sourcecode.swift; path = "View+Extensions.swift"; sourceTree = "<group>"; };
		97108C1D2B61937D00A4A021 /* NestedTableDataManager.swift */ = {isa = PBXFileReference; lastKnownFileType = sourcecode.swift; path = NestedTableDataManager.swift; sourceTree = "<group>"; };
		97108C1F2B61950100A4A021 /* MockNestedTableManager.swift */ = {isa = PBXFileReference; lastKnownFileType = sourcecode.swift; path = MockNestedTableManager.swift; sourceTree = "<group>"; };
		97108C222B61B7C500A4A021 /* ItemContextMenu.swift */ = {isa = PBXFileReference; lastKnownFileType = sourcecode.swift; path = ItemContextMenu.swift; sourceTree = "<group>"; };
		97108C272B61C56900A4A021 /* ContextMenuManager.swift */ = {isa = PBXFileReference; lastKnownFileType = sourcecode.swift; path = ContextMenuManager.swift; sourceTree = "<group>"; };
		97108C292B61C58500A4A021 /* DefaultContextMenuManager.swift */ = {isa = PBXFileReference; lastKnownFileType = sourcecode.swift; path = DefaultContextMenuManager.swift; sourceTree = "<group>"; };
		97108C2B2B61C5E000A4A021 /* ContextMenuItems.swift */ = {isa = PBXFileReference; lastKnownFileType = sourcecode.swift; path = ContextMenuItems.swift; sourceTree = "<group>"; };
		97108C2D2B61C5EF00A4A021 /* DefaultContextMenuItems.swift */ = {isa = PBXFileReference; lastKnownFileType = sourcecode.swift; path = DefaultContextMenuItems.swift; sourceTree = "<group>"; };
		97108C332B6221FB00A4A021 /* TextField+Extensions.swift */ = {isa = PBXFileReference; lastKnownFileType = sourcecode.swift; path = "TextField+Extensions.swift"; sourceTree = "<group>"; };
		97108C352B62E1BA00A4A021 /* TableRow+Extensions.swift */ = {isa = PBXFileReference; lastKnownFileType = sourcecode.swift; path = "TableRow+Extensions.swift"; sourceTree = "<group>"; };
		97108C372B62E27200A4A021 /* NameColumn.swift */ = {isa = PBXFileReference; lastKnownFileType = sourcecode.swift; path = NameColumn.swift; sourceTree = "<group>"; };
		97108C3A2B62F21600A4A021 /* PaddedTapGestureModifier.swift */ = {isa = PBXFileReference; lastKnownFileType = sourcecode.swift; path = PaddedTapGestureModifier.swift; sourceTree = "<group>"; };
		97108C3D2B6314E700A4A021 /* Comparator.swift */ = {isa = PBXFileReference; lastKnownFileType = sourcecode.swift; path = Comparator.swift; sourceTree = "<group>"; };
		97108C3F2B63747E00A4A021 /* Table+NestedTableView.swift */ = {isa = PBXFileReference; lastKnownFileType = sourcecode.swift; path = "Table+NestedTableView.swift"; sourceTree = "<group>"; };
		97108C412B63850100A4A021 /* NestedTableRowContent.swift */ = {isa = PBXFileReference; lastKnownFileType = sourcecode.swift; path = NestedTableRowContent.swift; sourceTree = "<group>"; };
		97108C432B63867C00A4A021 /* Comparators.swift */ = {isa = PBXFileReference; lastKnownFileType = sourcecode.swift; path = Comparators.swift; sourceTree = "<group>"; };
/* End PBXFileReference section */

/* Begin PBXFrameworksBuildPhase section */
		97108BD22B60F37700A4A021 /* Frameworks */ = {
			isa = PBXFrameworksBuildPhase;
			buildActionMask = 2147483647;
			files = (
			);
			runOnlyForDeploymentPostprocessing = 0;
		};
		97108BE32B60F37900A4A021 /* Frameworks */ = {
			isa = PBXFrameworksBuildPhase;
			buildActionMask = 2147483647;
			files = (
			);
			runOnlyForDeploymentPostprocessing = 0;
		};
		97108BED2B60F37900A4A021 /* Frameworks */ = {
			isa = PBXFrameworksBuildPhase;
			buildActionMask = 2147483647;
			files = (
			);
			runOnlyForDeploymentPostprocessing = 0;
		};
/* End PBXFrameworksBuildPhase section */

/* Begin PBXGroup section */
		97108BCC2B60F37700A4A021 = {
			isa = PBXGroup;
			children = (
				97108BD72B60F37700A4A021 /* NestedTable */,
				97108BE92B60F37900A4A021 /* NestedTableTests */,
				97108BF32B60F37900A4A021 /* NestedTableUITests */,
				97108BD62B60F37700A4A021 /* Products */,
			);
			sourceTree = "<group>";
		};
		97108BD62B60F37700A4A021 /* Products */ = {
			isa = PBXGroup;
			children = (
				97108BD52B60F37700A4A021 /* NestedTable.app */,
				97108BE62B60F37900A4A021 /* NestedTableTests.xctest */,
				97108BF02B60F37900A4A021 /* NestedTableUITests.xctest */,
			);
			name = Products;
			sourceTree = "<group>";
		};
		97108BD72B60F37700A4A021 /* NestedTable */ = {
			isa = PBXGroup;
			children = (
				97108BD82B60F37700A4A021 /* NestedTableApp.swift */,
				97108C032B60F3E000A4A021 /* ContentView.swift */,
				97108C3C2B62F5A800A4A021 /* NestedTable */,
				97108BDC2B60F37800A4A021 /* Assets.xcassets */,
				97108BDE2B60F37800A4A021 /* NestedTable.entitlements */,
				97108C212B61950400A4A021 /* Mocks */,
				97108BDF2B60F37800A4A021 /* Preview Content */,
			);
			path = NestedTable;
			sourceTree = "<group>";
		};
		97108BDF2B60F37800A4A021 /* Preview Content */ = {
			isa = PBXGroup;
			children = (
				97108BE02B60F37800A4A021 /* Preview Assets.xcassets */,
			);
			path = "Preview Content";
			sourceTree = "<group>";
		};
		97108BE92B60F37900A4A021 /* NestedTableTests */ = {
			isa = PBXGroup;
			children = (
				97108BEA2B60F37900A4A021 /* NestedTableTests.swift */,
			);
			path = NestedTableTests;
			sourceTree = "<group>";
		};
		97108BF32B60F37900A4A021 /* NestedTableUITests */ = {
			isa = PBXGroup;
			children = (
				97108BF42B60F37900A4A021 /* NestedTableUITests.swift */,
				97108BF62B60F37900A4A021 /* NestedTableUITestsLaunchTests.swift */,
			);
			path = NestedTableUITests;
			sourceTree = "<group>";
		};
		97108C042B60F3E000A4A021 /* RowItems */ = {
			isa = PBXGroup;
			children = (
				97108C052B60F3E000A4A021 /* Item.swift */,
				97108C062B60F3E000A4A021 /* TableRowItem.swift */,
				97108C072B60F3E000A4A021 /* BaseRow.swift */,
				97108C082B60F3E000A4A021 /* Group.swift */,
			);
			path = RowItems;
			sourceTree = "<group>";
		};
		97108C0A2B60F3E000A4A021 /* NestedTableView */ = {
			isa = PBXGroup;
			children = (
				97108C222B61B7C500A4A021 /* ItemContextMenu.swift */,
				97108C0C2B60F3E000A4A021 /* NestedTableViewModel.swift */,
				97108C372B62E27200A4A021 /* NameColumn.swift */,
				97108C1D2B61937D00A4A021 /* NestedTableDataManager.swift */,
				97108C3F2B63747E00A4A021 /* Table+NestedTableView.swift */,
				97108C412B63850100A4A021 /* NestedTableRowContent.swift */,
				97108C432B63867C00A4A021 /* Comparators.swift */,
			);
			path = NestedTableView;
			sourceTree = "<group>";
		};
		97108C152B61837A00A4A021 /* Transferable */ = {
			isa = PBXGroup;
			children = (
				97108C162B61838C00A4A021 /* UUID+Transferable.swift */,
				97108C182B6183B400A4A021 /* BaseRow+Transferable.swift */,
			);
			path = Transferable;
			sourceTree = "<group>";
		};
		97108C1A2B61895500A4A021 /* Extensions */ = {
			isa = PBXGroup;
			children = (
				97108C1B2B61896200A4A021 /* View+Extensions.swift */,
				97108C352B62E1BA00A4A021 /* TableRow+Extensions.swift */,
				97108C332B6221FB00A4A021 /* TextField+Extensions.swift */,
			);
			path = Extensions;
			sourceTree = "<group>";
		};
		97108C212B61950400A4A021 /* Mocks */ = {
			isa = PBXGroup;
			children = (
				97108C092B60F3E000A4A021 /* DataManager.swift */,
				97108C1F2B61950100A4A021 /* MockNestedTableManager.swift */,
			);
			path = Mocks;
			sourceTree = "<group>";
		};
		97108C262B61C56100A4A021 /* ContextMenuManager */ = {
			isa = PBXGroup;
			children = (
				97108C272B61C56900A4A021 /* ContextMenuManager.swift */,
				97108C292B61C58500A4A021 /* DefaultContextMenuManager.swift */,
				97108C2B2B61C5E000A4A021 /* ContextMenuItems.swift */,
				97108C2D2B61C5EF00A4A021 /* DefaultContextMenuItems.swift */,
			);
			path = ContextMenuManager;
			sourceTree = "<group>";
		};
		97108C392B62F20D00A4A021 /* Supporting */ = {
			isa = PBXGroup;
			children = (
				97108C3A2B62F21600A4A021 /* PaddedTapGestureModifier.swift */,
				97108C3D2B6314E700A4A021 /* Comparator.swift */,
			);
			path = Supporting;
			sourceTree = "<group>";
		};
		97108C3C2B62F5A800A4A021 /* NestedTable */ = {
			isa = PBXGroup;
			children = (
				97108C392B62F20D00A4A021 /* Supporting */,
				97108C262B61C56100A4A021 /* ContextMenuManager */,
				97108C1A2B61895500A4A021 /* Extensions */,
				97108C152B61837A00A4A021 /* Transferable */,
				97108C0A2B60F3E000A4A021 /* NestedTableView */,
				97108C042B60F3E000A4A021 /* RowItems */,
			);
			path = NestedTable;
			sourceTree = "<group>";
		};
/* End PBXGroup section */

/* Begin PBXNativeTarget section */
		97108BD42B60F37700A4A021 /* NestedTable */ = {
			isa = PBXNativeTarget;
			buildConfigurationList = 97108BFA2B60F37900A4A021 /* Build configuration list for PBXNativeTarget "NestedTable" */;
			buildPhases = (
				97108BD12B60F37700A4A021 /* Sources */,
				97108BD22B60F37700A4A021 /* Frameworks */,
				97108BD32B60F37700A4A021 /* Resources */,
			);
			buildRules = (
			);
			dependencies = (
			);
			name = NestedTable;
			productName = NestedTable;
			productReference = 97108BD52B60F37700A4A021 /* NestedTable.app */;
			productType = "com.apple.product-type.application";
		};
		97108BE52B60F37900A4A021 /* NestedTableTests */ = {
			isa = PBXNativeTarget;
			buildConfigurationList = 97108BFD2B60F37900A4A021 /* Build configuration list for PBXNativeTarget "NestedTableTests" */;
			buildPhases = (
				97108BE22B60F37900A4A021 /* Sources */,
				97108BE32B60F37900A4A021 /* Frameworks */,
				97108BE42B60F37900A4A021 /* Resources */,
			);
			buildRules = (
			);
			dependencies = (
				97108BE82B60F37900A4A021 /* PBXTargetDependency */,
			);
			name = NestedTableTests;
			productName = NestedTableTests;
			productReference = 97108BE62B60F37900A4A021 /* NestedTableTests.xctest */;
			productType = "com.apple.product-type.bundle.unit-test";
		};
		97108BEF2B60F37900A4A021 /* NestedTableUITests */ = {
			isa = PBXNativeTarget;
			buildConfigurationList = 97108C002B60F37900A4A021 /* Build configuration list for PBXNativeTarget "NestedTableUITests" */;
			buildPhases = (
				97108BEC2B60F37900A4A021 /* Sources */,
				97108BED2B60F37900A4A021 /* Frameworks */,
				97108BEE2B60F37900A4A021 /* Resources */,
			);
			buildRules = (
			);
			dependencies = (
				97108BF22B60F37900A4A021 /* PBXTargetDependency */,
			);
			name = NestedTableUITests;
			productName = NestedTableUITests;
			productReference = 97108BF02B60F37900A4A021 /* NestedTableUITests.xctest */;
			productType = "com.apple.product-type.bundle.ui-testing";
		};
/* End PBXNativeTarget section */

/* Begin PBXProject section */
		97108BCD2B60F37700A4A021 /* Project object */ = {
			isa = PBXProject;
			attributes = {
				BuildIndependentTargetsInParallel = 1;
				LastSwiftUpdateCheck = 1500;
				LastUpgradeCheck = 1500;
				TargetAttributes = {
					97108BD42B60F37700A4A021 = {
						CreatedOnToolsVersion = 15.0;
					};
					97108BE52B60F37900A4A021 = {
						CreatedOnToolsVersion = 15.0;
						TestTargetID = 97108BD42B60F37700A4A021;
					};
					97108BEF2B60F37900A4A021 = {
						CreatedOnToolsVersion = 15.0;
						TestTargetID = 97108BD42B60F37700A4A021;
					};
				};
			};
			buildConfigurationList = 97108BD02B60F37700A4A021 /* Build configuration list for PBXProject "NestedTable" */;
			compatibilityVersion = "Xcode 14.0";
			developmentRegion = en;
			hasScannedForEncodings = 0;
			knownRegions = (
				en,
				Base,
			);
			mainGroup = 97108BCC2B60F37700A4A021;
			productRefGroup = 97108BD62B60F37700A4A021 /* Products */;
			projectDirPath = "";
			projectRoot = "";
			targets = (
				97108BD42B60F37700A4A021 /* NestedTable */,
				97108BE52B60F37900A4A021 /* NestedTableTests */,
				97108BEF2B60F37900A4A021 /* NestedTableUITests */,
			);
		};
/* End PBXProject section */

/* Begin PBXResourcesBuildPhase section */
		97108BD32B60F37700A4A021 /* Resources */ = {
			isa = PBXResourcesBuildPhase;
			buildActionMask = 2147483647;
			files = (
				97108BE12B60F37800A4A021 /* Preview Assets.xcassets in Resources */,
				97108BDD2B60F37800A4A021 /* Assets.xcassets in Resources */,
			);
			runOnlyForDeploymentPostprocessing = 0;
		};
		97108BE42B60F37900A4A021 /* Resources */ = {
			isa = PBXResourcesBuildPhase;
			buildActionMask = 2147483647;
			files = (
			);
			runOnlyForDeploymentPostprocessing = 0;
		};
		97108BEE2B60F37900A4A021 /* Resources */ = {
			isa = PBXResourcesBuildPhase;
			buildActionMask = 2147483647;
			files = (
			);
			runOnlyForDeploymentPostprocessing = 0;
		};
/* End PBXResourcesBuildPhase section */

/* Begin PBXSourcesBuildPhase section */
		97108BD12B60F37700A4A021 /* Sources */ = {
			isa = PBXSourcesBuildPhase;
			buildActionMask = 2147483647;
			files = (
				97108C1E2B61937D00A4A021 /* NestedTableDataManager.swift in Sources */,
				97108C2A2B61C58500A4A021 /* DefaultContextMenuManager.swift in Sources */,
				97108C102B60F3E000A4A021 /* BaseRow.swift in Sources */,
				97108C192B6183B400A4A021 /* BaseRow+Transferable.swift in Sources */,
				97108C202B61950100A4A021 /* MockNestedTableManager.swift in Sources */,
				97108C0F2B60F3E000A4A021 /* TableRowItem.swift in Sources */,
				97108C282B61C56900A4A021 /* ContextMenuManager.swift in Sources */,
				97108C402B63747E00A4A021 /* Table+NestedTableView.swift in Sources */,
				97108C142B60F3E000A4A021 /* NestedTableViewModel.swift in Sources */,
				97108C172B61838C00A4A021 /* UUID+Transferable.swift in Sources */,
				97108C342B6221FB00A4A021 /* TextField+Extensions.swift in Sources */,
				97108C382B62E27200A4A021 /* NameColumn.swift in Sources */,
				97108C422B63850100A4A021 /* NestedTableRowContent.swift in Sources */,
				97108C2C2B61C5E000A4A021 /* ContextMenuItems.swift in Sources */,
				97108C0D2B60F3E000A4A021 /* ContentView.swift in Sources */,
				97108C122B60F3E000A4A021 /* DataManager.swift in Sources */,
				97108C442B63867C00A4A021 /* Comparators.swift in Sources */,
				97108C232B61B7C500A4A021 /* ItemContextMenu.swift in Sources */,
				97108C2E2B61C5EF00A4A021 /* DefaultContextMenuItems.swift in Sources */,
				97108C0E2B60F3E000A4A021 /* Item.swift in Sources */,
				97108C3B2B62F21600A4A021 /* PaddedTapGestureModifier.swift in Sources */,
				97108BD92B60F37700A4A021 /* NestedTableApp.swift in Sources */,
				97108C362B62E1BA00A4A021 /* TableRow+Extensions.swift in Sources */,
				97108C3E2B6314E700A4A021 /* Comparator.swift in Sources */,
				97108C1C2B61896200A4A021 /* View+Extensions.swift in Sources */,
				97108C112B60F3E000A4A021 /* Group.swift in Sources */,
			);
			runOnlyForDeploymentPostprocessing = 0;
		};
		97108BE22B60F37900A4A021 /* Sources */ = {
			isa = PBXSourcesBuildPhase;
			buildActionMask = 2147483647;
			files = (
				97108BEB2B60F37900A4A021 /* NestedTableTests.swift in Sources */,
			);
			runOnlyForDeploymentPostprocessing = 0;
		};
		97108BEC2B60F37900A4A021 /* Sources */ = {
			isa = PBXSourcesBuildPhase;
			buildActionMask = 2147483647;
			files = (
				97108BF72B60F37900A4A021 /* NestedTableUITestsLaunchTests.swift in Sources */,
				97108BF52B60F37900A4A021 /* NestedTableUITests.swift in Sources */,
			);
			runOnlyForDeploymentPostprocessing = 0;
		};
/* End PBXSourcesBuildPhase section */

/* Begin PBXTargetDependency section */
		97108BE82B60F37900A4A021 /* PBXTargetDependency */ = {
			isa = PBXTargetDependency;
			target = 97108BD42B60F37700A4A021 /* NestedTable */;
			targetProxy = 97108BE72B60F37900A4A021 /* PBXContainerItemProxy */;
		};
		97108BF22B60F37900A4A021 /* PBXTargetDependency */ = {
			isa = PBXTargetDependency;
			target = 97108BD42B60F37700A4A021 /* NestedTable */;
			targetProxy = 97108BF12B60F37900A4A021 /* PBXContainerItemProxy */;
		};
/* End PBXTargetDependency section */

/* Begin XCBuildConfiguration section */
		97108BF82B60F37900A4A021 /* Debug */ = {
			isa = XCBuildConfiguration;
			buildSettings = {
				ALWAYS_SEARCH_USER_PATHS = NO;
				ASSETCATALOG_COMPILER_GENERATE_SWIFT_ASSET_SYMBOL_EXTENSIONS = YES;
				CLANG_ANALYZER_NONNULL = YES;
				CLANG_ANALYZER_NUMBER_OBJECT_CONVERSION = YES_AGGRESSIVE;
				CLANG_CXX_LANGUAGE_STANDARD = "gnu++20";
				CLANG_ENABLE_MODULES = YES;
				CLANG_ENABLE_OBJC_ARC = YES;
				CLANG_ENABLE_OBJC_WEAK = YES;
				CLANG_WARN_BLOCK_CAPTURE_AUTORELEASING = YES;
				CLANG_WARN_BOOL_CONVERSION = YES;
				CLANG_WARN_COMMA = YES;
				CLANG_WARN_CONSTANT_CONVERSION = YES;
				CLANG_WARN_DEPRECATED_OBJC_IMPLEMENTATIONS = YES;
				CLANG_WARN_DIRECT_OBJC_ISA_USAGE = YES_ERROR;
				CLANG_WARN_DOCUMENTATION_COMMENTS = YES;
				CLANG_WARN_EMPTY_BODY = YES;
				CLANG_WARN_ENUM_CONVERSION = YES;
				CLANG_WARN_INFINITE_RECURSION = YES;
				CLANG_WARN_INT_CONVERSION = YES;
				CLANG_WARN_NON_LITERAL_NULL_CONVERSION = YES;
				CLANG_WARN_OBJC_IMPLICIT_RETAIN_SELF = YES;
				CLANG_WARN_OBJC_LITERAL_CONVERSION = YES;
				CLANG_WARN_OBJC_ROOT_CLASS = YES_ERROR;
				CLANG_WARN_QUOTED_INCLUDE_IN_FRAMEWORK_HEADER = YES;
				CLANG_WARN_RANGE_LOOP_ANALYSIS = YES;
				CLANG_WARN_STRICT_PROTOTYPES = YES;
				CLANG_WARN_SUSPICIOUS_MOVE = YES;
				CLANG_WARN_UNGUARDED_AVAILABILITY = YES_AGGRESSIVE;
				CLANG_WARN_UNREACHABLE_CODE = YES;
				CLANG_WARN__DUPLICATE_METHOD_MATCH = YES;
				COPY_PHASE_STRIP = NO;
				DEBUG_INFORMATION_FORMAT = dwarf;
				ENABLE_STRICT_OBJC_MSGSEND = YES;
				ENABLE_TESTABILITY = YES;
				ENABLE_USER_SCRIPT_SANDBOXING = YES;
				GCC_C_LANGUAGE_STANDARD = gnu17;
				GCC_DYNAMIC_NO_PIC = NO;
				GCC_NO_COMMON_BLOCKS = YES;
				GCC_OPTIMIZATION_LEVEL = 0;
				GCC_PREPROCESSOR_DEFINITIONS = (
					"DEBUG=1",
					"$(inherited)",
				);
				GCC_WARN_64_TO_32_BIT_CONVERSION = YES;
				GCC_WARN_ABOUT_RETURN_TYPE = YES_ERROR;
				GCC_WARN_UNDECLARED_SELECTOR = YES;
				GCC_WARN_UNINITIALIZED_AUTOS = YES_AGGRESSIVE;
				GCC_WARN_UNUSED_FUNCTION = YES;
				GCC_WARN_UNUSED_VARIABLE = YES;
				LOCALIZATION_PREFERS_STRING_CATALOGS = YES;
				MTL_ENABLE_DEBUG_INFO = INCLUDE_SOURCE;
				MTL_FAST_MATH = YES;
				ONLY_ACTIVE_ARCH = YES;
				SWIFT_ACTIVE_COMPILATION_CONDITIONS = "DEBUG $(inherited)";
				SWIFT_OPTIMIZATION_LEVEL = "-Onone";
			};
			name = Debug;
		};
		97108BF92B60F37900A4A021 /* Release */ = {
			isa = XCBuildConfiguration;
			buildSettings = {
				ALWAYS_SEARCH_USER_PATHS = NO;
				ASSETCATALOG_COMPILER_GENERATE_SWIFT_ASSET_SYMBOL_EXTENSIONS = YES;
				CLANG_ANALYZER_NONNULL = YES;
				CLANG_ANALYZER_NUMBER_OBJECT_CONVERSION = YES_AGGRESSIVE;
				CLANG_CXX_LANGUAGE_STANDARD = "gnu++20";
				CLANG_ENABLE_MODULES = YES;
				CLANG_ENABLE_OBJC_ARC = YES;
				CLANG_ENABLE_OBJC_WEAK = YES;
				CLANG_WARN_BLOCK_CAPTURE_AUTORELEASING = YES;
				CLANG_WARN_BOOL_CONVERSION = YES;
				CLANG_WARN_COMMA = YES;
				CLANG_WARN_CONSTANT_CONVERSION = YES;
				CLANG_WARN_DEPRECATED_OBJC_IMPLEMENTATIONS = YES;
				CLANG_WARN_DIRECT_OBJC_ISA_USAGE = YES_ERROR;
				CLANG_WARN_DOCUMENTATION_COMMENTS = YES;
				CLANG_WARN_EMPTY_BODY = YES;
				CLANG_WARN_ENUM_CONVERSION = YES;
				CLANG_WARN_INFINITE_RECURSION = YES;
				CLANG_WARN_INT_CONVERSION = YES;
				CLANG_WARN_NON_LITERAL_NULL_CONVERSION = YES;
				CLANG_WARN_OBJC_IMPLICIT_RETAIN_SELF = YES;
				CLANG_WARN_OBJC_LITERAL_CONVERSION = YES;
				CLANG_WARN_OBJC_ROOT_CLASS = YES_ERROR;
				CLANG_WARN_QUOTED_INCLUDE_IN_FRAMEWORK_HEADER = YES;
				CLANG_WARN_RANGE_LOOP_ANALYSIS = YES;
				CLANG_WARN_STRICT_PROTOTYPES = YES;
				CLANG_WARN_SUSPICIOUS_MOVE = YES;
				CLANG_WARN_UNGUARDED_AVAILABILITY = YES_AGGRESSIVE;
				CLANG_WARN_UNREACHABLE_CODE = YES;
				CLANG_WARN__DUPLICATE_METHOD_MATCH = YES;
				COPY_PHASE_STRIP = NO;
				DEBUG_INFORMATION_FORMAT = "dwarf-with-dsym";
				ENABLE_NS_ASSERTIONS = NO;
				ENABLE_STRICT_OBJC_MSGSEND = YES;
				ENABLE_USER_SCRIPT_SANDBOXING = YES;
				GCC_C_LANGUAGE_STANDARD = gnu17;
				GCC_NO_COMMON_BLOCKS = YES;
				GCC_WARN_64_TO_32_BIT_CONVERSION = YES;
				GCC_WARN_ABOUT_RETURN_TYPE = YES_ERROR;
				GCC_WARN_UNDECLARED_SELECTOR = YES;
				GCC_WARN_UNINITIALIZED_AUTOS = YES_AGGRESSIVE;
				GCC_WARN_UNUSED_FUNCTION = YES;
				GCC_WARN_UNUSED_VARIABLE = YES;
				LOCALIZATION_PREFERS_STRING_CATALOGS = YES;
				MTL_ENABLE_DEBUG_INFO = NO;
				MTL_FAST_MATH = YES;
				SWIFT_COMPILATION_MODE = wholemodule;
			};
			name = Release;
		};
		97108BFB2B60F37900A4A021 /* Debug */ = {
			isa = XCBuildConfiguration;
			buildSettings = {
				ASSETCATALOG_COMPILER_APPICON_NAME = AppIcon;
				ASSETCATALOG_COMPILER_GLOBAL_ACCENT_COLOR_NAME = AccentColor;
				CODE_SIGN_ENTITLEMENTS = NestedTable/NestedTable.entitlements;
				CODE_SIGN_STYLE = Automatic;
				CURRENT_PROJECT_VERSION = 1;
				DEVELOPMENT_ASSET_PATHS = "\"NestedTable/Preview Content\"";
				DEVELOPMENT_TEAM = D7MN23CD5F;
				ENABLE_HARDENED_RUNTIME = YES;
				ENABLE_PREVIEWS = YES;
				GENERATE_INFOPLIST_FILE = YES;
				"INFOPLIST_KEY_UIApplicationSceneManifest_Generation[sdk=iphoneos*]" = YES;
				"INFOPLIST_KEY_UIApplicationSceneManifest_Generation[sdk=iphonesimulator*]" = YES;
				"INFOPLIST_KEY_UIApplicationSupportsIndirectInputEvents[sdk=iphoneos*]" = YES;
				"INFOPLIST_KEY_UIApplicationSupportsIndirectInputEvents[sdk=iphonesimulator*]" = YES;
				"INFOPLIST_KEY_UILaunchScreen_Generation[sdk=iphoneos*]" = YES;
				"INFOPLIST_KEY_UILaunchScreen_Generation[sdk=iphonesimulator*]" = YES;
				"INFOPLIST_KEY_UIStatusBarStyle[sdk=iphoneos*]" = UIStatusBarStyleDefault;
				"INFOPLIST_KEY_UIStatusBarStyle[sdk=iphonesimulator*]" = UIStatusBarStyleDefault;
				INFOPLIST_KEY_UISupportedInterfaceOrientations_iPad = "UIInterfaceOrientationPortrait UIInterfaceOrientationPortraitUpsideDown UIInterfaceOrientationLandscapeLeft UIInterfaceOrientationLandscapeRight";
				INFOPLIST_KEY_UISupportedInterfaceOrientations_iPhone = "UIInterfaceOrientationPortrait UIInterfaceOrientationLandscapeLeft UIInterfaceOrientationLandscapeRight";
				IPHONEOS_DEPLOYMENT_TARGET = 17.0;
				LD_RUNPATH_SEARCH_PATHS = "@executable_path/Frameworks";
				"LD_RUNPATH_SEARCH_PATHS[sdk=macosx*]" = "@executable_path/../Frameworks";
				MACOSX_DEPLOYMENT_TARGET = 14.0;
				MARKETING_VERSION = 1.0;
				PRODUCT_BUNDLE_IDENTIFIER = com.anconaesselmann.NestedTable;
				PRODUCT_NAME = "$(TARGET_NAME)";
				SDKROOT = auto;
				SUPPORTED_PLATFORMS = "iphoneos iphonesimulator macosx";
				SWIFT_EMIT_LOC_STRINGS = YES;
				SWIFT_VERSION = 5.0;
				TARGETED_DEVICE_FAMILY = "1,2";
			};
			name = Debug;
		};
		97108BFC2B60F37900A4A021 /* Release */ = {
			isa = XCBuildConfiguration;
			buildSettings = {
				ASSETCATALOG_COMPILER_APPICON_NAME = AppIcon;
				ASSETCATALOG_COMPILER_GLOBAL_ACCENT_COLOR_NAME = AccentColor;
				CODE_SIGN_ENTITLEMENTS = NestedTable/NestedTable.entitlements;
				CODE_SIGN_STYLE = Automatic;
				CURRENT_PROJECT_VERSION = 1;
				DEVELOPMENT_ASSET_PATHS = "\"NestedTable/Preview Content\"";
				DEVELOPMENT_TEAM = D7MN23CD5F;
				ENABLE_HARDENED_RUNTIME = YES;
				ENABLE_PREVIEWS = YES;
				GENERATE_INFOPLIST_FILE = YES;
				"INFOPLIST_KEY_UIApplicationSceneManifest_Generation[sdk=iphoneos*]" = YES;
				"INFOPLIST_KEY_UIApplicationSceneManifest_Generation[sdk=iphonesimulator*]" = YES;
				"INFOPLIST_KEY_UIApplicationSupportsIndirectInputEvents[sdk=iphoneos*]" = YES;
				"INFOPLIST_KEY_UIApplicationSupportsIndirectInputEvents[sdk=iphonesimulator*]" = YES;
				"INFOPLIST_KEY_UILaunchScreen_Generation[sdk=iphoneos*]" = YES;
				"INFOPLIST_KEY_UILaunchScreen_Generation[sdk=iphonesimulator*]" = YES;
				"INFOPLIST_KEY_UIStatusBarStyle[sdk=iphoneos*]" = UIStatusBarStyleDefault;
				"INFOPLIST_KEY_UIStatusBarStyle[sdk=iphonesimulator*]" = UIStatusBarStyleDefault;
				INFOPLIST_KEY_UISupportedInterfaceOrientations_iPad = "UIInterfaceOrientationPortrait UIInterfaceOrientationPortraitUpsideDown UIInterfaceOrientationLandscapeLeft UIInterfaceOrientationLandscapeRight";
				INFOPLIST_KEY_UISupportedInterfaceOrientations_iPhone = "UIInterfaceOrientationPortrait UIInterfaceOrientationLandscapeLeft UIInterfaceOrientationLandscapeRight";
				IPHONEOS_DEPLOYMENT_TARGET = 17.0;
				LD_RUNPATH_SEARCH_PATHS = "@executable_path/Frameworks";
				"LD_RUNPATH_SEARCH_PATHS[sdk=macosx*]" = "@executable_path/../Frameworks";
				MACOSX_DEPLOYMENT_TARGET = 14.0;
				MARKETING_VERSION = 1.0;
				PRODUCT_BUNDLE_IDENTIFIER = com.anconaesselmann.NestedTable;
				PRODUCT_NAME = "$(TARGET_NAME)";
				SDKROOT = auto;
				SUPPORTED_PLATFORMS = "iphoneos iphonesimulator macosx";
				SWIFT_EMIT_LOC_STRINGS = YES;
				SWIFT_VERSION = 5.0;
				TARGETED_DEVICE_FAMILY = "1,2";
			};
			name = Release;
		};
		97108BFE2B60F37900A4A021 /* Debug */ = {
			isa = XCBuildConfiguration;
			buildSettings = {
				ALWAYS_EMBED_SWIFT_STANDARD_LIBRARIES = YES;
				BUNDLE_LOADER = "$(TEST_HOST)";
				CODE_SIGN_STYLE = Automatic;
				CURRENT_PROJECT_VERSION = 1;
				DEVELOPMENT_TEAM = D7MN23CD5F;
				GENERATE_INFOPLIST_FILE = YES;
				IPHONEOS_DEPLOYMENT_TARGET = 17.0;
				MACOSX_DEPLOYMENT_TARGET = 14.0;
				MARKETING_VERSION = 1.0;
				PRODUCT_BUNDLE_IDENTIFIER = com.anconaesselmann.NestedTableTests;
				PRODUCT_NAME = "$(TARGET_NAME)";
				SDKROOT = auto;
				SUPPORTED_PLATFORMS = "iphoneos iphonesimulator macosx";
				SWIFT_EMIT_LOC_STRINGS = NO;
				SWIFT_VERSION = 5.0;
				TARGETED_DEVICE_FAMILY = "1,2";
				TEST_HOST = "$(BUILT_PRODUCTS_DIR)/NestedTable.app/$(BUNDLE_EXECUTABLE_FOLDER_PATH)/NestedTable";
			};
			name = Debug;
		};
		97108BFF2B60F37900A4A021 /* Release */ = {
			isa = XCBuildConfiguration;
			buildSettings = {
				ALWAYS_EMBED_SWIFT_STANDARD_LIBRARIES = YES;
				BUNDLE_LOADER = "$(TEST_HOST)";
				CODE_SIGN_STYLE = Automatic;
				CURRENT_PROJECT_VERSION = 1;
				DEVELOPMENT_TEAM = D7MN23CD5F;
				GENERATE_INFOPLIST_FILE = YES;
				IPHONEOS_DEPLOYMENT_TARGET = 17.0;
				MACOSX_DEPLOYMENT_TARGET = 14.0;
				MARKETING_VERSION = 1.0;
				PRODUCT_BUNDLE_IDENTIFIER = com.anconaesselmann.NestedTableTests;
				PRODUCT_NAME = "$(TARGET_NAME)";
				SDKROOT = auto;
				SUPPORTED_PLATFORMS = "iphoneos iphonesimulator macosx";
				SWIFT_EMIT_LOC_STRINGS = NO;
				SWIFT_VERSION = 5.0;
				TARGETED_DEVICE_FAMILY = "1,2";
				TEST_HOST = "$(BUILT_PRODUCTS_DIR)/NestedTable.app/$(BUNDLE_EXECUTABLE_FOLDER_PATH)/NestedTable";
			};
			name = Release;
		};
		97108C012B60F37900A4A021 /* Debug */ = {
			isa = XCBuildConfiguration;
			buildSettings = {
				ALWAYS_EMBED_SWIFT_STANDARD_LIBRARIES = YES;
				CODE_SIGN_STYLE = Automatic;
				CURRENT_PROJECT_VERSION = 1;
				DEVELOPMENT_TEAM = D7MN23CD5F;
				GENERATE_INFOPLIST_FILE = YES;
				IPHONEOS_DEPLOYMENT_TARGET = 17.0;
				MACOSX_DEPLOYMENT_TARGET = 14.0;
				MARKETING_VERSION = 1.0;
				PRODUCT_BUNDLE_IDENTIFIER = com.anconaesselmann.NestedTableUITests;
				PRODUCT_NAME = "$(TARGET_NAME)";
				SDKROOT = auto;
				SUPPORTED_PLATFORMS = "iphoneos iphonesimulator macosx";
				SWIFT_EMIT_LOC_STRINGS = NO;
				SWIFT_VERSION = 5.0;
				TARGETED_DEVICE_FAMILY = "1,2";
				TEST_TARGET_NAME = NestedTable;
			};
			name = Debug;
		};
		97108C022B60F37900A4A021 /* Release */ = {
			isa = XCBuildConfiguration;
			buildSettings = {
				ALWAYS_EMBED_SWIFT_STANDARD_LIBRARIES = YES;
				CODE_SIGN_STYLE = Automatic;
				CURRENT_PROJECT_VERSION = 1;
				DEVELOPMENT_TEAM = D7MN23CD5F;
				GENERATE_INFOPLIST_FILE = YES;
				IPHONEOS_DEPLOYMENT_TARGET = 17.0;
				MACOSX_DEPLOYMENT_TARGET = 14.0;
				MARKETING_VERSION = 1.0;
				PRODUCT_BUNDLE_IDENTIFIER = com.anconaesselmann.NestedTableUITests;
				PRODUCT_NAME = "$(TARGET_NAME)";
				SDKROOT = auto;
				SUPPORTED_PLATFORMS = "iphoneos iphonesimulator macosx";
				SWIFT_EMIT_LOC_STRINGS = NO;
				SWIFT_VERSION = 5.0;
				TARGETED_DEVICE_FAMILY = "1,2";
				TEST_TARGET_NAME = NestedTable;
			};
			name = Release;
		};
/* End XCBuildConfiguration section */

/* Begin XCConfigurationList section */
		97108BD02B60F37700A4A021 /* Build configuration list for PBXProject "NestedTable" */ = {
			isa = XCConfigurationList;
			buildConfigurations = (
				97108BF82B60F37900A4A021 /* Debug */,
				97108BF92B60F37900A4A021 /* Release */,
			);
			defaultConfigurationIsVisible = 0;
			defaultConfigurationName = Release;
		};
		97108BFA2B60F37900A4A021 /* Build configuration list for PBXNativeTarget "NestedTable" */ = {
			isa = XCConfigurationList;
			buildConfigurations = (
				97108BFB2B60F37900A4A021 /* Debug */,
				97108BFC2B60F37900A4A021 /* Release */,
			);
			defaultConfigurationIsVisible = 0;
			defaultConfigurationName = Release;
		};
		97108BFD2B60F37900A4A021 /* Build configuration list for PBXNativeTarget "NestedTableTests" */ = {
			isa = XCConfigurationList;
			buildConfigurations = (
				97108BFE2B60F37900A4A021 /* Debug */,
				97108BFF2B60F37900A4A021 /* Release */,
			);
			defaultConfigurationIsVisible = 0;
			defaultConfigurationName = Release;
		};
		97108C002B60F37900A4A021 /* Build configuration list for PBXNativeTarget "NestedTableUITests" */ = {
			isa = XCConfigurationList;
			buildConfigurations = (
				97108C012B60F37900A4A021 /* Debug */,
				97108C022B60F37900A4A021 /* Release */,
			);
			defaultConfigurationIsVisible = 0;
			defaultConfigurationName = Release;
		};
/* End XCConfigurationList section */
	};
	rootObject = 97108BCD2B60F37700A4A021 /* Project object */;
}
