// !$*UTF8*$!
{
	archiveVersion = 1;
	classes = {
	};
	objectVersion = 60;
	objects = {

/* Begin PBXBuildFile section */
		97CD41E92B6481490036D142 /* NestedTable_ExampleApp.swift in Sources */ = {isa = PBXBuildFile; fileRef = 97CD41E82B6481490036D142 /* NestedTable_ExampleApp.swift */; };
		97CD41EB2B6481490036D142 /* ContentView.swift in Sources */ = {isa = PBXBuildFile; fileRef = 97CD41EA2B6481490036D142 /* ContentView.swift */; };
		97CD41ED2B64814A0036D142 /* Assets.xcassets in Resources */ = {isa = PBXBuildFile; fileRef = 97CD41EC2B64814A0036D142 /* Assets.xcassets */; };
		97CD42152B6481840036D142 /* NestedTable in Frameworks */ = {isa = PBXBuildFile; productRef = 97CD42142B6481840036D142 /* NestedTable */; };
		97CD421A2B6483670036D142 /* MockNestedTableManager.swift in Sources */ = {isa = PBXBuildFile; fileRef = 97CD42172B6483670036D142 /* MockNestedTableManager.swift */; };
		97CD421B2B6483670036D142 /* MockContent.swift in Sources */ = {isa = PBXBuildFile; fileRef = 97CD42182B6483670036D142 /* MockContent.swift */; };
		97CD421C2B6483670036D142 /* MockContentStore.swift in Sources */ = {isa = PBXBuildFile; fileRef = 97CD42192B6483670036D142 /* MockContentStore.swift */; };
/* End PBXBuildFile section */

/* Begin PBXFileReference section */
		97CD41E52B6481490036D142 /* NestedTable_Example.app */ = {isa = PBXFileReference; explicitFileType = wrapper.application; includeInIndex = 0; path = NestedTable_Example.app; sourceTree = BUILT_PRODUCTS_DIR; };
		97CD41E82B6481490036D142 /* NestedTable_ExampleApp.swift */ = {isa = PBXFileReference; lastKnownFileType = sourcecode.swift; path = NestedTable_ExampleApp.swift; sourceTree = "<group>"; };
		97CD41EA2B6481490036D142 /* ContentView.swift */ = {isa = PBXFileReference; lastKnownFileType = sourcecode.swift; path = ContentView.swift; sourceTree = "<group>"; };
		97CD41EC2B64814A0036D142 /* Assets.xcassets */ = {isa = PBXFileReference; lastKnownFileType = folder.assetcatalog; path = Assets.xcassets; sourceTree = "<group>"; };
		97CD41EE2B64814A0036D142 /* NestedTable_Example.entitlements */ = {isa = PBXFileReference; lastKnownFileType = text.plist.entitlements; path = NestedTable_Example.entitlements; sourceTree = "<group>"; };
		97CD42172B6483670036D142 /* MockNestedTableManager.swift */ = {isa = PBXFileReference; fileEncoding = 4; lastKnownFileType = sourcecode.swift; path = MockNestedTableManager.swift; sourceTree = "<group>"; };
		97CD42182B6483670036D142 /* MockContent.swift */ = {isa = PBXFileReference; fileEncoding = 4; lastKnownFileType = sourcecode.swift; path = MockContent.swift; sourceTree = "<group>"; };
		97CD42192B6483670036D142 /* MockContentStore.swift */ = {isa = PBXFileReference; fileEncoding = 4; lastKnownFileType = sourcecode.swift; path = MockContentStore.swift; sourceTree = "<group>"; };
/* End PBXFileReference section */

/* Begin PBXFrameworksBuildPhase section */
		97CD41E22B6481490036D142 /* Frameworks */ = {
			isa = PBXFrameworksBuildPhase;
			buildActionMask = 2147483647;
			files = (
				97CD42152B6481840036D142 /* NestedTable in Frameworks */,
			);
			runOnlyForDeploymentPostprocessing = 0;
		};
/* End PBXFrameworksBuildPhase section */

/* Begin PBXGroup section */
		97CD41DC2B6481490036D142 = {
			isa = PBXGroup;
			children = (
				97CD41E72B6481490036D142 /* NestedTable_Example */,
				97CD41E62B6481490036D142 /* Products */,
			);
			sourceTree = "<group>";
		};
		97CD41E62B6481490036D142 /* Products */ = {
			isa = PBXGroup;
			children = (
				97CD41E52B6481490036D142 /* NestedTable_Example.app */,
			);
			name = Products;
			sourceTree = "<group>";
		};
		97CD41E72B6481490036D142 /* NestedTable_Example */ = {
			isa = PBXGroup;
			children = (
				97CD41E82B6481490036D142 /* NestedTable_ExampleApp.swift */,
				97CD41EA2B6481490036D142 /* ContentView.swift */,
				97CD42162B6483670036D142 /* Mocks */,
				97CD41EC2B64814A0036D142 /* Assets.xcassets */,
				97CD41EE2B64814A0036D142 /* NestedTable_Example.entitlements */,
			);
			path = NestedTable_Example;
			sourceTree = "<group>";
		};
		97CD42162B6483670036D142 /* Mocks */ = {
			isa = PBXGroup;
			children = (
				97CD42172B6483670036D142 /* MockNestedTableManager.swift */,
				97CD42182B6483670036D142 /* MockContent.swift */,
				97CD42192B6483670036D142 /* MockContentStore.swift */,
			);
			path = Mocks;
			sourceTree = "<group>";
		};
/* End PBXGroup section */

/* Begin PBXNativeTarget section */
		97CD41E42B6481490036D142 /* NestedTable_Example */ = {
			isa = PBXNativeTarget;
			buildConfigurationList = 97CD420A2B64814B0036D142 /* Build configuration list for PBXNativeTarget "NestedTable_Example" */;
			buildPhases = (
				97CD41E12B6481490036D142 /* Sources */,
				97CD41E22B6481490036D142 /* Frameworks */,
				97CD41E32B6481490036D142 /* Resources */,
			);
			buildRules = (
			);
			dependencies = (
			);
			name = NestedTable_Example;
			packageProductDependencies = (
				97CD42142B6481840036D142 /* NestedTable */,
			);
			productName = NestedTable_Example;
			productReference = 97CD41E52B6481490036D142 /* NestedTable_Example.app */;
			productType = "com.apple.product-type.application";
		};
/* End PBXNativeTarget section */

/* Begin PBXProject section */
		97CD41DD2B6481490036D142 /* Project object */ = {
			isa = PBXProject;
			attributes = {
				BuildIndependentTargetsInParallel = 1;
				LastSwiftUpdateCheck = 1500;
				LastUpgradeCheck = 1500;
				TargetAttributes = {
					97CD41E42B6481490036D142 = {
						CreatedOnToolsVersion = 15.0;
					};
				};
			};
			buildConfigurationList = 97CD41E02B6481490036D142 /* Build configuration list for PBXProject "NestedTable_Example" */;
			compatibilityVersion = "Xcode 14.0";
			developmentRegion = en;
			hasScannedForEncodings = 0;
			knownRegions = (
				en,
				Base,
			);
			mainGroup = 97CD41DC2B6481490036D142;
			packageReferences = (
				97CD42132B6481840036D142 /* XCLocalSwiftPackageReference "../.." */,
			);
			productRefGroup = 97CD41E62B6481490036D142 /* Products */;
			projectDirPath = "";
			projectRoot = "";
			targets = (
				97CD41E42B6481490036D142 /* NestedTable_Example */,
			);
		};
/* End PBXProject section */

/* Begin PBXResourcesBuildPhase section */
		97CD41E32B6481490036D142 /* Resources */ = {
			isa = PBXResourcesBuildPhase;
			buildActionMask = 2147483647;
			files = (
				97CD41ED2B64814A0036D142 /* Assets.xcassets in Resources */,
			);
			runOnlyForDeploymentPostprocessing = 0;
		};
/* End PBXResourcesBuildPhase section */

/* Begin PBXSourcesBuildPhase section */
		97CD41E12B6481490036D142 /* Sources */ = {
			isa = PBXSourcesBuildPhase;
			buildActionMask = 2147483647;
			files = (
				97CD421A2B6483670036D142 /* MockNestedTableManager.swift in Sources */,
				97CD421C2B6483670036D142 /* MockContentStore.swift in Sources */,
				97CD421B2B6483670036D142 /* MockContent.swift in Sources */,
				97CD41EB2B6481490036D142 /* ContentView.swift in Sources */,
				97CD41E92B6481490036D142 /* NestedTable_ExampleApp.swift in Sources */,
			);
			runOnlyForDeploymentPostprocessing = 0;
		};
/* End PBXSourcesBuildPhase section */

/* Begin XCBuildConfiguration section */
		97CD42082B64814B0036D142 /* Debug */ = {
			isa = XCBuildConfiguration;
			buildSettings = {
				ALWAYS_SEARCH_USER_PATHS = NO;
				ASSETCATALOG_COMPILER_GENERATE_SWIFT_ASSET_SYMBOL_EXTENSIONS = YES;
				CLANG_ANALYZER_NONNULL = YES;
				CLANG_ANALYZER_NUMBER_OBJECT_CONVERSION = YES_AGGRESSIVE;
				CLANG_CXX_LANGUAGE_STANDARD = "gnu++20";
				CLANG_ENABLE_MODULES = YES;
				CLANG_ENABLE_OBJC_ARC = YES;
				CLANG_ENABLE_OBJC_WEAK = YES;
				CLANG_WARN_BLOCK_CAPTURE_AUTORELEASING = YES;
				CLANG_WARN_BOOL_CONVERSION = YES;
				CLANG_WARN_COMMA = YES;
				CLANG_WARN_CONSTANT_CONVERSION = YES;
				CLANG_WARN_DEPRECATED_OBJC_IMPLEMENTATIONS = YES;
				CLANG_WARN_DIRECT_OBJC_ISA_USAGE = YES_ERROR;
				CLANG_WARN_DOCUMENTATION_COMMENTS = YES;
				CLANG_WARN_EMPTY_BODY = YES;
				CLANG_WARN_ENUM_CONVERSION = YES;
				CLANG_WARN_INFINITE_RECURSION = YES;
				CLANG_WARN_INT_CONVERSION = YES;
				CLANG_WARN_NON_LITERAL_NULL_CONVERSION = YES;
				CLANG_WARN_OBJC_IMPLICIT_RETAIN_SELF = YES;
				CLANG_WARN_OBJC_LITERAL_CONVERSION = YES;
				CLANG_WARN_OBJC_ROOT_CLASS = YES_ERROR;
				CLANG_WARN_QUOTED_INCLUDE_IN_FRAMEWORK_HEADER = YES;
				CLANG_WARN_RANGE_LOOP_ANALYSIS = YES;
				CLANG_WARN_STRICT_PROTOTYPES = YES;
				CLANG_WARN_SUSPICIOUS_MOVE = YES;
				CLANG_WARN_UNGUARDED_AVAILABILITY = YES_AGGRESSIVE;
				CLANG_WARN_UNREACHABLE_CODE = YES;
				CLANG_WARN__DUPLICATE_METHOD_MATCH = YES;
				COPY_PHASE_STRIP = NO;
				DEBUG_INFORMATION_FORMAT = dwarf;
				ENABLE_STRICT_OBJC_MSGSEND = YES;
				ENABLE_TESTABILITY = YES;
				ENABLE_USER_SCRIPT_SANDBOXING = YES;
				GCC_C_LANGUAGE_STANDARD = gnu17;
				GCC_DYNAMIC_NO_PIC = NO;
				GCC_NO_COMMON_BLOCKS = YES;
				GCC_OPTIMIZATION_LEVEL = 0;
				GCC_PREPROCESSOR_DEFINITIONS = (
					"DEBUG=1",
					"$(inherited)",
				);
				GCC_WARN_64_TO_32_BIT_CONVERSION = YES;
				GCC_WARN_ABOUT_RETURN_TYPE = YES_ERROR;
				GCC_WARN_UNDECLARED_SELECTOR = YES;
				GCC_WARN_UNINITIALIZED_AUTOS = YES_AGGRESSIVE;
				GCC_WARN_UNUSED_FUNCTION = YES;
				GCC_WARN_UNUSED_VARIABLE = YES;
				LOCALIZATION_PREFERS_STRING_CATALOGS = YES;
				MTL_ENABLE_DEBUG_INFO = INCLUDE_SOURCE;
				MTL_FAST_MATH = YES;
				ONLY_ACTIVE_ARCH = YES;
				SWIFT_ACTIVE_COMPILATION_CONDITIONS = "DEBUG $(inherited)";
				SWIFT_OPTIMIZATION_LEVEL = "-Onone";
			};
			name = Debug;
		};
		97CD420B2B64814B0036D142 /* Debug */ = {
			isa = XCBuildConfiguration;
			buildSettings = {
				ASSETCATALOG_COMPILER_APPICON_NAME = AppIcon;
				ASSETCATALOG_COMPILER_GLOBAL_ACCENT_COLOR_NAME = AccentColor;
				CODE_SIGN_ENTITLEMENTS = NestedTable_Example/NestedTable_Example.entitlements;
				CODE_SIGN_STYLE = Automatic;
				CURRENT_PROJECT_VERSION = 1;
				DEVELOPMENT_ASSET_PATHS = "";
				DEVELOPMENT_TEAM = D7MN23CD5F;
				ENABLE_HARDENED_RUNTIME = YES;
				ENABLE_PREVIEWS = YES;
				GENERATE_INFOPLIST_FILE = YES;
				"INFOPLIST_KEY_UIApplicationSceneManifest_Generation[sdk=iphoneos*]" = YES;
				"INFOPLIST_KEY_UIApplicationSceneManifest_Generation[sdk=iphonesimulator*]" = YES;
				"INFOPLIST_KEY_UIApplicationSupportsIndirectInputEvents[sdk=iphoneos*]" = YES;
				"INFOPLIST_KEY_UIApplicationSupportsIndirectInputEvents[sdk=iphonesimulator*]" = YES;
				"INFOPLIST_KEY_UILaunchScreen_Generation[sdk=iphoneos*]" = YES;
				"INFOPLIST_KEY_UILaunchScreen_Generation[sdk=iphonesimulator*]" = YES;
				"INFOPLIST_KEY_UIStatusBarStyle[sdk=iphoneos*]" = UIStatusBarStyleDefault;
				"INFOPLIST_KEY_UIStatusBarStyle[sdk=iphonesimulator*]" = UIStatusBarStyleDefault;
				INFOPLIST_KEY_UISupportedInterfaceOrientations_iPad = "UIInterfaceOrientationPortrait UIInterfaceOrientationPortraitUpsideDown UIInterfaceOrientationLandscapeLeft UIInterfaceOrientationLandscapeRight";
				INFOPLIST_KEY_UISupportedInterfaceOrientations_iPhone = "UIInterfaceOrientationPortrait UIInterfaceOrientationLandscapeLeft UIInterfaceOrientationLandscapeRight";
				IPHONEOS_DEPLOYMENT_TARGET = 17.0;
				LD_RUNPATH_SEARCH_PATHS = "@executable_path/Frameworks";
				"LD_RUNPATH_SEARCH_PATHS[sdk=macosx*]" = "@executable_path/../Frameworks";
				MACOSX_DEPLOYMENT_TARGET = 14.0;
				MARKETING_VERSION = 1.0;
				PRODUCT_BUNDLE_IDENTIFIER = "com.anconaesselmann.NestedTable-Example";
				PRODUCT_NAME = "$(TARGET_NAME)";
				SDKROOT = auto;
				SUPPORTED_PLATFORMS = "iphoneos iphonesimulator macosx";
				SWIFT_EMIT_LOC_STRINGS = YES;
				SWIFT_VERSION = 5.0;
				TARGETED_DEVICE_FAMILY = "1,2";
			};
			name = Debug;
		};
/* End XCBuildConfiguration section */

/* Begin XCConfigurationList section */
		97CD41E02B6481490036D142 /* Build configuration list for PBXProject "NestedTable_Example" */ = {
			isa = XCConfigurationList;
			buildConfigurations = (
				97CD42082B64814B0036D142 /* Debug */,
			);
			defaultConfigurationIsVisible = 0;
			defaultConfigurationName = Debug;
		};
		97CD420A2B64814B0036D142 /* Build configuration list for PBXNativeTarget "NestedTable_Example" */ = {
			isa = XCConfigurationList;
			buildConfigurations = (
				97CD420B2B64814B0036D142 /* Debug */,
			);
			defaultConfigurationIsVisible = 0;
			defaultConfigurationName = Debug;
		};
/* End XCConfigurationList section */

/* Begin XCLocalSwiftPackageReference section */
		97CD42132B6481840036D142 /* XCLocalSwiftPackageReference "../.." */ = {
			isa = XCLocalSwiftPackageReference;
			relativePath = ../..;
		};
/* End XCLocalSwiftPackageReference section */

/* Begin XCSwiftPackageProductDependency section */
		97CD42142B6481840036D142 /* NestedTable */ = {
			isa = XCSwiftPackageProductDependency;
			productName = NestedTable;
		};
/* End XCSwiftPackageProductDependency section */
	};
	rootObject = 97CD41DD2B6481490036D142 /* Project object */;
}
